
Microsoft Visual Studio Solution File, Format Version 12.00
# Visual Studio Version 16
VisualStudioVersion = 16.0.32106.194
MinimumVisualStudioVersion = 10.0.40219.1
Project("{9A19103F-16F7-4668-BE54-9A1E7A4F7556}") = "01. Clock", "01. Clock\01. Clock.csproj", "{DF389508-43DB-407E-BB8B-FA851C69C1DE}"
EndProject
Project("{9A19103F-16F7-4668-BE54-9A1E7A4F7556}") = "02. Multiplication Table", "02. Multiplication Table\02. Multiplication Table.csproj", "{8C28F96C-33E5-4183-8E2C-A0D4164A9D48}"
EndProject
Project("{9A19103F-16F7-4668-BE54-9A1E7A4F7556}") = "03. Combinations", "03. Combinations\03. Combinations.csproj", "{9D7BC612-B084-4050-A971-4C2F3EFA8CBE}"
EndProject
Project("{9A19103F-16F7-4668-BE54-9A1E7A4F7556}") = "04. Sum of Two Numbers", "04. Sum of Two Numbers\04. Sum of Two Numbers.csproj", "{67F79151-8272-44D2-92DD-00A6CAD3EAC2}"
EndProject
Project("{FAE04EC0-301F-11D3-BF4B-00C04F79EFBC}") = "05. Travelling", "05. Travelling\05. Travelling.csproj", "{7D7BC5B6-E2BE-4466-80C5-D8E50C43A754}"
EndProject
Project("{FAE04EC0-301F-11D3-BF4B-00C04F79EFBC}") = "06. Building", "06. Building\06. Building.csproj", "{DF922E2E-A0D9-46D5-8EAA-6C57BA638681}"
EndProject
Global
	GlobalSection(SolutionConfigurationPlatforms) = preSolution
		Debug|Any CPU = Debug|Any CPU
		Release|Any CPU = Release|Any CPU
	EndGlobalSection
	GlobalSection(ProjectConfigurationPlatforms) = postSolution
		{DF389508-43DB-407E-BB8B-FA851C69C1DE}.Debug|Any CPU.ActiveCfg = Debug|Any CPU
		{DF389508-43DB-407E-BB8B-FA851C69C1DE}.Debug|Any CPU.Build.0 = Debug|Any CPU
		{DF389508-43DB-407E-BB8B-FA851C69C1DE}.Release|Any CPU.ActiveCfg = Release|Any CPU
		{DF389508-43DB-407E-BB8B-FA851C69C1DE}.Release|Any CPU.Build.0 = Release|Any CPU
		{8C28F96C-33E5-4183-8E2C-A0D4164A9D48}.Debug|Any CPU.ActiveCfg = Debug|Any CPU
		{8C28F96C-33E5-4183-8E2C-A0D4164A9D48}.Debug|Any CPU.Build.0 = Debug|Any CPU
		{8C28F96C-33E5-4183-8E2C-A0D4164A9D48}.Release|Any CPU.ActiveCfg = Release|Any CPU
		{8C28F96C-33E5-4183-8E2C-A0D4164A9D48}.Release|Any CPU.Build.0 = Release|Any CPU
		{9D7BC612-B084-4050-A971-4C2F3EFA8CBE}.Debug|Any CPU.ActiveCfg = Debug|Any CPU
		{9D7BC612-B084-4050-A971-4C2F3EFA8CBE}.Debug|Any CPU.Build.0 = Debug|Any CPU
		{9D7BC612-B084-4050-A971-4C2F3EFA8CBE}.Release|Any CPU.ActiveCfg = Release|Any CPU
		{9D7BC612-B084-4050-A971-4C2F3EFA8CBE}.Release|Any CPU.Build.0 = Release|Any CPU
		{67F79151-8272-44D2-92DD-00A6CAD3EAC2}.Debug|Any CPU.ActiveCfg = Debug|Any CPU
		{67F79151-8272-44D2-92DD-00A6CAD3EAC2}.Debug|Any CPU.Build.0 = Debug|Any CPU
		{67F79151-8272-44D2-92DD-00A6CAD3EAC2}.Release|Any CPU.ActiveCfg = Release|Any CPU
		{67F79151-8272-44D2-92DD-00A6CAD3EAC2}.Release|Any CPU.Build.0 = Release|Any CPU
		{7D7BC5B6-E2BE-4466-80C5-D8E50C43A754}.Debug|Any CPU.ActiveCfg = Debug|Any CPU
		{7D7BC5B6-E2BE-4466-80C5-D8E50C43A754}.Debug|Any CPU.Build.0 = Debug|Any CPU
		{7D7BC5B6-E2BE-4466-80C5-D8E50C43A754}.Release|Any CPU.ActiveCfg = Release|Any CPU
		{7D7BC5B6-E2BE-4466-80C5-D8E50C43A754}.Release|Any CPU.Build.0 = Release|Any CPU
		{DF922E2E-A0D9-46D5-8EAA-6C57BA638681}.Debug|Any CPU.ActiveCfg = Debug|Any CPU
		{DF922E2E-A0D9-46D5-8EAA-6C57BA638681}.Debug|Any CPU.Build.0 = Debug|Any CPU
		{DF922E2E-A0D9-46D5-8EAA-6C57BA638681}.Release|Any CPU.ActiveCfg = Release|Any CPU
		{DF922E2E-A0D9-46D5-8EAA-6C57BA638681}.Release|Any CPU.Build.0 = Release|Any CPU
	EndGlobalSection
	GlobalSection(SolutionProperties) = preSolution
		HideSolutionNode = FALSE
	EndGlobalSection
	GlobalSection(ExtensibilityGlobals) = postSolution
		SolutionGuid = {47DD03EE-FF5F-414D-B864-7FCAE018B330}
	EndGlobalSection
EndGlobal
